
Microsoft Visual Studio Solution File, Format Version 12.00
# Visual Studio Version 17
VisualStudioVersion = 17.0.31903.59
MinimumVisualStudioVersion = 10.0.40219.1
Project("{2150E333-8FDC-42A3-9474-1A3956D46DE8}") = "backend", "backend", "{1AE8ACA6-933B-BF2A-3671-3E2EAC007D16}"
EndProject
Project("{FAE04EC0-301F-11D3-BF4B-00C04F79EFBC}") = "SetsnReps.Api", "backend\SetsnReps.Api\SetsnReps.Api.csproj", "{539DA454-CED6-4BBE-9632-4688DB920E8D}"
EndProject
Project("{2150E333-8FDC-42A3-9474-1A3956D46DE8}") = "frontend", "frontend", "{CE609670-85B9-0D16-FB54-ED063D5D8A6D}"
EndProject
Project("{FAE04EC0-301F-11D3-BF4B-00C04F79EFBC}") = "SetsnReps.Web", "frontend\SetsnReps.Web\SetsnReps.Web.csproj", "{0A05E505-5A5B-41CD-B175-FF57A26FAB6F}"
EndProject
Project("{2150E333-8FDC-42A3-9474-1A3956D46DE8}") = "shared", "shared", "{4F52FD11-658E-A102-6CD3-7D7C16FFA15B}"
EndProject
Project("{FAE04EC0-301F-11D3-BF4B-00C04F79EFBC}") = "SetsnReps.Core", "shared\SetsnReps.Core\SetsnReps.Core.csproj", "{542CDB7D-7D46-4637-B929-9893557412A2}"
EndProject
Project("{2150E333-8FDC-42A3-9474-1A3956D46DE8}") = "Utils", "Utils", "{18840A05-4A68-4215-B630-21DBAD1943ED}"
EndProject
Project("{FAE04EC0-301F-11D3-BF4B-00C04F79EFBC}") = "MegaGymImporter", "Utils\MegaGymImporter\MegaGymImporter.csproj", "{F74DD451-3491-42EE-9DA7-90C127ACEA19}"
EndProject
Global
	GlobalSection(SolutionConfigurationPlatforms) = preSolution
		Debug|Any CPU = Debug|Any CPU
		Debug|x64 = Debug|x64
		Debug|x86 = Debug|x86
		Release|Any CPU = Release|Any CPU
		Release|x64 = Release|x64
		Release|x86 = Release|x86
	EndGlobalSection
	GlobalSection(ProjectConfigurationPlatforms) = postSolution
		{539DA454-CED6-4BBE-9632-4688DB920E8D}.Debug|Any CPU.ActiveCfg = Debug|Any CPU
		{539DA454-CED6-4BBE-9632-4688DB920E8D}.Debug|Any CPU.Build.0 = Debug|Any CPU
		{539DA454-CED6-4BBE-9632-4688DB920E8D}.Debug|x64.ActiveCfg = Debug|Any CPU
		{539DA454-CED6-4BBE-9632-4688DB920E8D}.Debug|x64.Build.0 = Debug|Any CPU
		{539DA454-CED6-4BBE-9632-4688DB920E8D}.Debug|x86.ActiveCfg = Debug|Any CPU
		{539DA454-CED6-4BBE-9632-4688DB920E8D}.Debug|x86.Build.0 = Debug|Any CPU
		{539DA454-CED6-4BBE-9632-4688DB920E8D}.Release|Any CPU.ActiveCfg = Release|Any CPU
		{539DA454-CED6-4BBE-9632-4688DB920E8D}.Release|Any CPU.Build.0 = Release|Any CPU
		{539DA454-CED6-4BBE-9632-4688DB920E8D}.Release|x64.ActiveCfg = Release|Any CPU
		{539DA454-CED6-4BBE-9632-4688DB920E8D}.Release|x64.Build.0 = Release|Any CPU
		{539DA454-CED6-4BBE-9632-4688DB920E8D}.Release|x86.ActiveCfg = Release|Any CPU
		{539DA454-CED6-4BBE-9632-4688DB920E8D}.Release|x86.Build.0 = Release|Any CPU
		{0A05E505-5A5B-41CD-B175-FF57A26FAB6F}.Debug|Any CPU.ActiveCfg = Debug|Any CPU
		{0A05E505-5A5B-41CD-B175-FF57A26FAB6F}.Debug|Any CPU.Build.0 = Debug|Any CPU
		{0A05E505-5A5B-41CD-B175-FF57A26FAB6F}.Debug|x64.ActiveCfg = Debug|Any CPU
		{0A05E505-5A5B-41CD-B175-FF57A26FAB6F}.Debug|x64.Build.0 = Debug|Any CPU
		{0A05E505-5A5B-41CD-B175-FF57A26FAB6F}.Debug|x86.ActiveCfg = Debug|Any CPU
		{0A05E505-5A5B-41CD-B175-FF57A26FAB6F}.Debug|x86.Build.0 = Debug|Any CPU
		{0A05E505-5A5B-41CD-B175-FF57A26FAB6F}.Release|Any CPU.ActiveCfg = Release|Any CPU
		{0A05E505-5A5B-41CD-B175-FF57A26FAB6F}.Release|Any CPU.Build.0 = Release|Any CPU
		{0A05E505-5A5B-41CD-B175-FF57A26FAB6F}.Release|x64.ActiveCfg = Release|Any CPU
		{0A05E505-5A5B-41CD-B175-FF57A26FAB6F}.Release|x64.Build.0 = Release|Any CPU
		{0A05E505-5A5B-41CD-B175-FF57A26FAB6F}.Release|x86.ActiveCfg = Release|Any CPU
		{0A05E505-5A5B-41CD-B175-FF57A26FAB6F}.Release|x86.Build.0 = Release|Any CPU
		{542CDB7D-7D46-4637-B929-9893557412A2}.Debug|Any CPU.ActiveCfg = Debug|Any CPU
		{542CDB7D-7D46-4637-B929-9893557412A2}.Debug|Any CPU.Build.0 = Debug|Any CPU
		{542CDB7D-7D46-4637-B929-9893557412A2}.Debug|x64.ActiveCfg = Debug|Any CPU
		{542CDB7D-7D46-4637-B929-9893557412A2}.Debug|x64.Build.0 = Debug|Any CPU
		{542CDB7D-7D46-4637-B929-9893557412A2}.Debug|x86.ActiveCfg = Debug|Any CPU
		{542CDB7D-7D46-4637-B929-9893557412A2}.Debug|x86.Build.0 = Debug|Any CPU
		{542CDB7D-7D46-4637-B929-9893557412A2}.Release|Any CPU.ActiveCfg = Release|Any CPU
		{542CDB7D-7D46-4637-B929-9893557412A2}.Release|Any CPU.Build.0 = Release|Any CPU
		{542CDB7D-7D46-4637-B929-9893557412A2}.Release|x64.ActiveCfg = Release|Any CPU
		{542CDB7D-7D46-4637-B929-9893557412A2}.Release|x64.Build.0 = Release|Any CPU
		{542CDB7D-7D46-4637-B929-9893557412A2}.Release|x86.ActiveCfg = Release|Any CPU
		{542CDB7D-7D46-4637-B929-9893557412A2}.Release|x86.Build.0 = Release|Any CPU
		{F74DD451-3491-42EE-9DA7-90C127ACEA19}.Debug|Any CPU.ActiveCfg = Debug|Any CPU
		{F74DD451-3491-42EE-9DA7-90C127ACEA19}.Debug|Any CPU.Build.0 = Debug|Any CPU
		{F74DD451-3491-42EE-9DA7-90C127ACEA19}.Debug|x64.ActiveCfg = Debug|Any CPU
		{F74DD451-3491-42EE-9DA7-90C127ACEA19}.Debug|x64.Build.0 = Debug|Any CPU
		{F74DD451-3491-42EE-9DA7-90C127ACEA19}.Debug|x86.ActiveCfg = Debug|Any CPU
		{F74DD451-3491-42EE-9DA7-90C127ACEA19}.Debug|x86.Build.0 = Debug|Any CPU
		{F74DD451-3491-42EE-9DA7-90C127ACEA19}.Release|Any CPU.ActiveCfg = Release|Any CPU
		{F74DD451-3491-42EE-9DA7-90C127ACEA19}.Release|Any CPU.Build.0 = Release|Any CPU
		{F74DD451-3491-42EE-9DA7-90C127ACEA19}.Release|x64.ActiveCfg = Release|Any CPU
		{F74DD451-3491-42EE-9DA7-90C127ACEA19}.Release|x64.Build.0 = Release|Any CPU
		{F74DD451-3491-42EE-9DA7-90C127ACEA19}.Release|x86.ActiveCfg = Release|Any CPU
		{F74DD451-3491-42EE-9DA7-90C127ACEA19}.Release|x86.Build.0 = Release|Any CPU
	EndGlobalSection
	GlobalSection(SolutionProperties) = preSolution
		HideSolutionNode = FALSE
	EndGlobalSection
	GlobalSection(NestedProjects) = preSolution
		{539DA454-CED6-4BBE-9632-4688DB920E8D} = {1AE8ACA6-933B-BF2A-3671-3E2EAC007D16}
		{0A05E505-5A5B-41CD-B175-FF57A26FAB6F} = {CE609670-85B9-0D16-FB54-ED063D5D8A6D}
		{542CDB7D-7D46-4637-B929-9893557412A2} = {4F52FD11-658E-A102-6CD3-7D7C16FFA15B}
		{F74DD451-3491-42EE-9DA7-90C127ACEA19} = {18840A05-4A68-4215-B630-21DBAD1943ED}
	EndGlobalSection
EndGlobal
